
Microsoft Visual Studio Solution File, Format Version 12.00
# Visual Studio 2012
Project("{FAE04EC0-301F-11D3-BF4B-00C04F79EFBC}") = "Seed.Api", "Seed.Api\Seed.Api.csproj", "{FFBE6D09-317D-48D7-B068-5164BDDA0B70}"
EndProject
Project("{FAE04EC0-301F-11D3-BF4B-00C04F79EFBC}") = "Seed.Web.SpaHost", "Seed.Web.SpaHost\Seed.Web.SpaHost.csproj", "{C9EDA708-2690-4E50-903D-00387BB25BAC}"
EndProject
Project("{FAE04EC0-301F-11D3-BF4B-00C04F79EFBC}") = "Seed", "Seed\Seed.csproj", "{EC2E4390-36CE-443C-BECE-416AB548D68F}"
EndProject
Project("{FAE04EC0-301F-11D3-BF4B-00C04F79EFBC}") = "Seed.Web.Http.AntiXsrf", "Seed.Web.Http.AntiXsrf\Seed.Web.Http.AntiXsrf.csproj", "{8654F922-DCBD-4060-A34E-E2673AF36E64}"
EndProject
Project("{FAE04EC0-301F-11D3-BF4B-00C04F79EFBC}") = "Seed.Data", "Seed.Data\Seed.Data.csproj", "{7B0D87D5-12F5-4F8E-8A5E-0B74D55355A7}"
EndProject
Project("{FAE04EC0-301F-11D3-BF4B-00C04F79EFBC}") = "Seed.Tests", "Seed.Tests\Seed.Tests.csproj", "{C252AE4D-DBD7-4B2F-B168-38B2E8151DBF}"
EndProject
Global
	GlobalSection(SolutionConfigurationPlatforms) = preSolution
		Debug|Any CPU = Debug|Any CPU
		Release|Any CPU = Release|Any CPU
	EndGlobalSection
	GlobalSection(ProjectConfigurationPlatforms) = postSolution
		{FFBE6D09-317D-48D7-B068-5164BDDA0B70}.Debug|Any CPU.ActiveCfg = Debug|Any CPU
		{FFBE6D09-317D-48D7-B068-5164BDDA0B70}.Debug|Any CPU.Build.0 = Debug|Any CPU
		{FFBE6D09-317D-48D7-B068-5164BDDA0B70}.Release|Any CPU.ActiveCfg = Release|Any CPU
		{FFBE6D09-317D-48D7-B068-5164BDDA0B70}.Release|Any CPU.Build.0 = Release|Any CPU
		{C9EDA708-2690-4E50-903D-00387BB25BAC}.Debug|Any CPU.ActiveCfg = Debug|Any CPU
		{C9EDA708-2690-4E50-903D-00387BB25BAC}.Debug|Any CPU.Build.0 = Debug|Any CPU
		{C9EDA708-2690-4E50-903D-00387BB25BAC}.Release|Any CPU.ActiveCfg = Release|Any CPU
		{C9EDA708-2690-4E50-903D-00387BB25BAC}.Release|Any CPU.Build.0 = Release|Any CPU
		{EC2E4390-36CE-443C-BECE-416AB548D68F}.Debug|Any CPU.ActiveCfg = Debug|Any CPU
		{EC2E4390-36CE-443C-BECE-416AB548D68F}.Debug|Any CPU.Build.0 = Debug|Any CPU
		{EC2E4390-36CE-443C-BECE-416AB548D68F}.Release|Any CPU.ActiveCfg = Release|Any CPU
		{EC2E4390-36CE-443C-BECE-416AB548D68F}.Release|Any CPU.Build.0 = Release|Any CPU
		{8654F922-DCBD-4060-A34E-E2673AF36E64}.Debug|Any CPU.ActiveCfg = Debug|Any CPU
		{8654F922-DCBD-4060-A34E-E2673AF36E64}.Debug|Any CPU.Build.0 = Debug|Any CPU
		{8654F922-DCBD-4060-A34E-E2673AF36E64}.Release|Any CPU.ActiveCfg = Release|Any CPU
		{8654F922-DCBD-4060-A34E-E2673AF36E64}.Release|Any CPU.Build.0 = Release|Any CPU
		{7B0D87D5-12F5-4F8E-8A5E-0B74D55355A7}.Debug|Any CPU.ActiveCfg = Debug|Any CPU
		{7B0D87D5-12F5-4F8E-8A5E-0B74D55355A7}.Debug|Any CPU.Build.0 = Debug|Any CPU
		{7B0D87D5-12F5-4F8E-8A5E-0B74D55355A7}.Release|Any CPU.ActiveCfg = Release|Any CPU
		{7B0D87D5-12F5-4F8E-8A5E-0B74D55355A7}.Release|Any CPU.Build.0 = Release|Any CPU
		{C252AE4D-DBD7-4B2F-B168-38B2E8151DBF}.Debug|Any CPU.ActiveCfg = Debug|Any CPU
		{C252AE4D-DBD7-4B2F-B168-38B2E8151DBF}.Debug|Any CPU.Build.0 = Debug|Any CPU
		{C252AE4D-DBD7-4B2F-B168-38B2E8151DBF}.Release|Any CPU.ActiveCfg = Release|Any CPU
		{C252AE4D-DBD7-4B2F-B168-38B2E8151DBF}.Release|Any CPU.Build.0 = Release|Any CPU
	EndGlobalSection
	GlobalSection(SolutionProperties) = preSolution
		HideSolutionNode = FALSE
	EndGlobalSection
EndGlobal
